// !$*UTF8*$!
{
	archiveVersion = 1;
	classes = {
	};
	objectVersion = 46;
	objects = {

/* Begin PBXBuildFile section */
		77899C4514C67EAE00C6484B /* listings.json in Resources */ = {isa = PBXBuildFile; fileRef = 77899C4414C67EAE00C6484B /* listings.json */; };
		77899C4814C67EE400C6484B /* KassApi.m in Sources */ = {isa = PBXBuildFile; fileRef = 77899C4714C67EE400C6484B /* KassApi.m */; };
		77899C6314C67F2300C6484B /* NSObject+SBJson.m in Sources */ = {isa = PBXBuildFile; fileRef = 77899C4B14C67F2300C6484B /* NSObject+SBJson.m */; };
		77899C6414C67F2300C6484B /* SBJsonParser.m in Sources */ = {isa = PBXBuildFile; fileRef = 77899C4E14C67F2300C6484B /* SBJsonParser.m */; };
		77899C6514C67F2300C6484B /* SBJsonStreamParser.m in Sources */ = {isa = PBXBuildFile; fileRef = 77899C5014C67F2300C6484B /* SBJsonStreamParser.m */; };
		77899C6614C67F2300C6484B /* SBJsonStreamParserAccumulator.m in Sources */ = {isa = PBXBuildFile; fileRef = 77899C5214C67F2300C6484B /* SBJsonStreamParserAccumulator.m */; };
		77899C6714C67F2300C6484B /* SBJsonStreamParserAdapter.m in Sources */ = {isa = PBXBuildFile; fileRef = 77899C5414C67F2300C6484B /* SBJsonStreamParserAdapter.m */; };
		77899C6814C67F2300C6484B /* SBJsonStreamParserState.m in Sources */ = {isa = PBXBuildFile; fileRef = 77899C5614C67F2300C6484B /* SBJsonStreamParserState.m */; };
		77899C6914C67F2300C6484B /* SBJsonStreamWriter.m in Sources */ = {isa = PBXBuildFile; fileRef = 77899C5814C67F2300C6484B /* SBJsonStreamWriter.m */; };
		77899C6A14C67F2300C6484B /* SBJsonStreamWriterAccumulator.m in Sources */ = {isa = PBXBuildFile; fileRef = 77899C5A14C67F2300C6484B /* SBJsonStreamWriterAccumulator.m */; };
		77899C6B14C67F2300C6484B /* SBJsonStreamWriterState.m in Sources */ = {isa = PBXBuildFile; fileRef = 77899C5C14C67F2300C6484B /* SBJsonStreamWriterState.m */; };
		77899C6C14C67F2300C6484B /* SBJsonTokeniser.m in Sources */ = {isa = PBXBuildFile; fileRef = 77899C5E14C67F2300C6484B /* SBJsonTokeniser.m */; };
		77899C6D14C67F2300C6484B /* SBJsonUTF8Stream.m in Sources */ = {isa = PBXBuildFile; fileRef = 77899C6014C67F2300C6484B /* SBJsonUTF8Stream.m */; };
		77899C6E14C67F2300C6484B /* SBJsonWriter.m in Sources */ = {isa = PBXBuildFile; fileRef = 77899C6214C67F2300C6484B /* SBJsonWriter.m */; };
		77899CA214C68E5100C6484B /* libOCMock.a in Frameworks */ = {isa = PBXBuildFile; fileRef = 77899CA114C68E5100C6484B /* libOCMock.a */; };
		77899CA614C6AF4D00C6484B /* listings.json in Resources */ = {isa = PBXBuildFile; fileRef = 77899C4414C67EAE00C6484B /* listings.json */; };
		77899CA714C6B46200C6484B /* KassApi.m in Sources */ = {isa = PBXBuildFile; fileRef = 77899C4714C67EE400C6484B /* KassApi.m */; };
		77F0279C14C5BC100065EDAA /* ListItemTest.m in Sources */ = {isa = PBXBuildFile; fileRef = 77F0279B14C5BC100065EDAA /* ListItemTest.m */; };
		77F0279F14C665F70065EDAA /* Listing.m in Sources */ = {isa = PBXBuildFile; fileRef = 77F0279E14C665F60065EDAA /* Listing.m */; };
		77F027A214C666BA0065EDAA /* ListingTest.m in Sources */ = {isa = PBXBuildFile; fileRef = 77F027A114C666BA0065EDAA /* ListingTest.m */; };
		E58B992614AC5AE400A780F6 /* BrowseTableViewController.m in Sources */ = {isa = PBXBuildFile; fileRef = E58B992514AC5AE400A780F6 /* BrowseTableViewController.m */; };
		E58B993214AC75EA00A780F6 /* Default.png in Resources */ = {isa = PBXBuildFile; fileRef = E58B993014AC746600A780F6 /* Default.png */; };
		E5947DCB14A3A12B0066723A /* UIKit.framework in Frameworks */ = {isa = PBXBuildFile; fileRef = E5947DCA14A3A12B0066723A /* UIKit.framework */; };
		E5947DCD14A3A12B0066723A /* Foundation.framework in Frameworks */ = {isa = PBXBuildFile; fileRef = E5947DCC14A3A12B0066723A /* Foundation.framework */; };
		E5947DCF14A3A12B0066723A /* CoreGraphics.framework in Frameworks */ = {isa = PBXBuildFile; fileRef = E5947DCE14A3A12B0066723A /* CoreGraphics.framework */; };
		E5947DD514A3A12B0066723A /* InfoPlist.strings in Resources */ = {isa = PBXBuildFile; fileRef = E5947DD314A3A12B0066723A /* InfoPlist.strings */; };
		E5947DD714A3A12B0066723A /* main.m in Sources */ = {isa = PBXBuildFile; fileRef = E5947DD614A3A12B0066723A /* main.m */; };
		E5947DDB14A3A12B0066723A /* AppDelegate.m in Sources */ = {isa = PBXBuildFile; fileRef = E5947DDA14A3A12B0066723A /* AppDelegate.m */; };
		E5947DDE14A3A12B0066723A /* MainStoryboard.storyboard in Resources */ = {isa = PBXBuildFile; fileRef = E5947DDC14A3A12B0066723A /* MainStoryboard.storyboard */; };
		E5947DE914A3A12B0066723A /* SenTestingKit.framework in Frameworks */ = {isa = PBXBuildFile; fileRef = E5947DE814A3A12B0066723A /* SenTestingKit.framework */; };
		E5947DEA14A3A12B0066723A /* UIKit.framework in Frameworks */ = {isa = PBXBuildFile; fileRef = E5947DCA14A3A12B0066723A /* UIKit.framework */; };
		E5947DEB14A3A12B0066723A /* Foundation.framework in Frameworks */ = {isa = PBXBuildFile; fileRef = E5947DCC14A3A12B0066723A /* Foundation.framework */; };
		E5947DF314A3A12B0066723A /* InfoPlist.strings in Resources */ = {isa = PBXBuildFile; fileRef = E5947DF114A3A12B0066723A /* InfoPlist.strings */; };
		E5947DF614A3A12B0066723A /* DemoTests.m in Sources */ = {isa = PBXBuildFile; fileRef = E5947DF514A3A12B0066723A /* DemoTests.m */; };
		E5947E5614A4006D0066723A /* SettingViewController.m in Sources */ = {isa = PBXBuildFile; fileRef = E5947E5514A4006D0066723A /* SettingViewController.m */; };
		E59A174414ABC03300B7977D /* PostFlowViewController.m in Sources */ = {isa = PBXBuildFile; fileRef = E59A174314ABC03300B7977D /* PostFlowViewController.m */; };
		E59A174C14AC482900B7977D /* PostSummaryViewController.m in Sources */ = {isa = PBXBuildFile; fileRef = E59A174B14AC482800B7977D /* PostSummaryViewController.m */; };
		E59A174F14AC513D00B7977D /* BrowseItemViewController.m in Sources */ = {isa = PBXBuildFile; fileRef = E59A174E14AC513D00B7977D /* BrowseItemViewController.m */; };
		E59AE14C14AD09410048C7C0 /* background.png in Resources */ = {isa = PBXBuildFile; fileRef = E59AE14914AD09410048C7C0 /* background.png */; };
		E5A0743B14AA918600885232 /* MapKit.framework in Frameworks */ = {isa = PBXBuildFile; fileRef = E5A0743A14AA918600885232 /* MapKit.framework */; };
		E5A0744A14AAA57100885232 /* ActivityViewController.m in Sources */ = {isa = PBXBuildFile; fileRef = E5A0744914AAA57100885232 /* ActivityViewController.m */; };
		E5C0ABE814AAC9D20021873A /* ListItem.m in Sources */ = {isa = PBXBuildFile; fileRef = E5C0ABE714AAC9D20021873A /* ListItem.m */; };
		E5C0ABED14AADF130021873A /* ItemViewController.m in Sources */ = {isa = PBXBuildFile; fileRef = E5C0ABEC14AADF130021873A /* ItemViewController.m */; };
		E5C98E9F14C51D3800319277 /* Zaarly_logo3-300x143.png in Resources */ = {isa = PBXBuildFile; fileRef = E5C98E9E14C51D3800319277 /* Zaarly_logo3-300x143.png */; };
		E5C98EA314C51FBC00319277 /* images.png in Resources */ = {isa = PBXBuildFile; fileRef = E5C98EA114C51FBC00319277 /* images.png */; };
		E5C98EA414C51FBC00319277 /* martin_luther_king-2012-hp.png in Resources */ = {isa = PBXBuildFile; fileRef = E5C98EA214C51FBC00319277 /* martin_luther_king-2012-hp.png */; };
		E5D69EDD14AD0DB900D552F6 /* MainTabBarViewController.m in Sources */ = {isa = PBXBuildFile; fileRef = E5D69EDC14AD0DB900D552F6 /* MainTabBarViewController.m */; };
		E5D69EEB14AD1A6700D552F6 /* world1.png in Resources */ = {isa = PBXBuildFile; fileRef = E5D69EEA14AD1A6700D552F6 /* world1.png */; };
		E5D69EED14AD1AAD00D552F6 /* preferences1.png in Resources */ = {isa = PBXBuildFile; fileRef = E5D69EEC14AD1AAD00D552F6 /* preferences1.png */; };
		E5D69EEF14AD1AB900D552F6 /* shoppingcart1.png in Resources */ = {isa = PBXBuildFile; fileRef = E5D69EEE14AD1AB900D552F6 /* shoppingcart1.png */; };
		E5D69EF114AD1ACB00D552F6 /* mailopened1.png in Resources */ = {isa = PBXBuildFile; fileRef = E5D69EF014AD1ACB00D552F6 /* mailopened1.png */; };
		E5D69EF314AD54E100D552F6 /* house.png in Resources */ = {isa = PBXBuildFile; fileRef = E5D69EF214AD54E100D552F6 /* house.png */; };
		E5D69EFD14AD7D6700D552F6 /* CoreLocation.framework in Frameworks */ = {isa = PBXBuildFile; fileRef = E5D69EFC14AD7D6700D552F6 /* CoreLocation.framework */; };
		E5D69F0014AD99CA00D552F6 /* PostFlowPriceViewController.m in Sources */ = {isa = PBXBuildFile; fileRef = E5D69EFF14AD99CA00D552F6 /* PostFlowPriceViewController.m */; };
		E5D69F0314AD99F700D552F6 /* PostFlowSetDateViewController.m in Sources */ = {isa = PBXBuildFile; fileRef = E5D69F0214AD99F700D552F6 /* PostFlowSetDateViewController.m */; };
		E5D7C49C14B508D600E29463 /* PostViewController.m in Sources */ = {isa = PBXBuildFile; fileRef = E5D7C49B14B508D600E29463 /* PostViewController.m */; };
		E5D7C4AE14B53C3F00E29463 /* AppScrollView.m in Sources */ = {isa = PBXBuildFile; fileRef = E5D7C4AD14B53C3F00E29463 /* AppScrollView.m */; };
		E5E6AA3814A41B6D00A0CF86 /* MapViewController.m in Sources */ = {isa = PBXBuildFile; fileRef = E5E6AA3714A41B6D00A0CF86 /* MapViewController.m */; };
/* End PBXBuildFile section */

/* Begin PBXContainerItemProxy section */
		E5947DEC14A3A12B0066723A /* PBXContainerItemProxy */ = {
			isa = PBXContainerItemProxy;
			containerPortal = E5947DBD14A3A12B0066723A /* Project object */;
			proxyType = 1;
			remoteGlobalIDString = E5947DC514A3A12B0066723A;
			remoteInfo = Demo;
		};
/* End PBXContainerItemProxy section */

/* Begin PBXFileReference section */
		77899C4414C67EAE00C6484B /* listings.json */ = {isa = PBXFileReference; fileEncoding = 4; lastKnownFileType = text.json; name = listings.json; path = Resources/listings.json; sourceTree = "<group>"; };
		77899C4614C67EE400C6484B /* KassApi.h */ = {isa = PBXFileReference; fileEncoding = 4; lastKnownFileType = sourcecode.c.h; name = KassApi.h; path = Libraries/KassApi.h; sourceTree = "<group>"; };
		77899C4714C67EE400C6484B /* KassApi.m */ = {isa = PBXFileReference; fileEncoding = 4; lastKnownFileType = sourcecode.c.objc; name = KassApi.m; path = Libraries/KassApi.m; sourceTree = "<group>"; };
		77899C4A14C67F2300C6484B /* NSObject+SBJson.h */ = {isa = PBXFileReference; fileEncoding = 4; lastKnownFileType = sourcecode.c.h; name = "NSObject+SBJson.h"; path = "Libraries/SBJson/NSObject+SBJson.h"; sourceTree = "<group>"; };
		77899C4B14C67F2300C6484B /* NSObject+SBJson.m */ = {isa = PBXFileReference; fileEncoding = 4; lastKnownFileType = sourcecode.c.objc; name = "NSObject+SBJson.m"; path = "Libraries/SBJson/NSObject+SBJson.m"; sourceTree = "<group>"; };
		77899C4C14C67F2300C6484B /* SBJson.h */ = {isa = PBXFileReference; fileEncoding = 4; lastKnownFileType = sourcecode.c.h; name = SBJson.h; path = Libraries/SBJson/SBJson.h; sourceTree = "<group>"; };
		77899C4D14C67F2300C6484B /* SBJsonParser.h */ = {isa = PBXFileReference; fileEncoding = 4; lastKnownFileType = sourcecode.c.h; name = SBJsonParser.h; path = Libraries/SBJson/SBJsonParser.h; sourceTree = "<group>"; };
		77899C4E14C67F2300C6484B /* SBJsonParser.m */ = {isa = PBXFileReference; fileEncoding = 4; lastKnownFileType = sourcecode.c.objc; name = SBJsonParser.m; path = Libraries/SBJson/SBJsonParser.m; sourceTree = "<group>"; };
		77899C4F14C67F2300C6484B /* SBJsonStreamParser.h */ = {isa = PBXFileReference; fileEncoding = 4; lastKnownFileType = sourcecode.c.h; name = SBJsonStreamParser.h; path = Libraries/SBJson/SBJsonStreamParser.h; sourceTree = "<group>"; };
		77899C5014C67F2300C6484B /* SBJsonStreamParser.m */ = {isa = PBXFileReference; fileEncoding = 4; lastKnownFileType = sourcecode.c.objc; name = SBJsonStreamParser.m; path = Libraries/SBJson/SBJsonStreamParser.m; sourceTree = "<group>"; };
		77899C5114C67F2300C6484B /* SBJsonStreamParserAccumulator.h */ = {isa = PBXFileReference; fileEncoding = 4; lastKnownFileType = sourcecode.c.h; name = SBJsonStreamParserAccumulator.h; path = Libraries/SBJson/SBJsonStreamParserAccumulator.h; sourceTree = "<group>"; };
		77899C5214C67F2300C6484B /* SBJsonStreamParserAccumulator.m */ = {isa = PBXFileReference; fileEncoding = 4; lastKnownFileType = sourcecode.c.objc; name = SBJsonStreamParserAccumulator.m; path = Libraries/SBJson/SBJsonStreamParserAccumulator.m; sourceTree = "<group>"; };
		77899C5314C67F2300C6484B /* SBJsonStreamParserAdapter.h */ = {isa = PBXFileReference; fileEncoding = 4; lastKnownFileType = sourcecode.c.h; name = SBJsonStreamParserAdapter.h; path = Libraries/SBJson/SBJsonStreamParserAdapter.h; sourceTree = "<group>"; };
		77899C5414C67F2300C6484B /* SBJsonStreamParserAdapter.m */ = {isa = PBXFileReference; fileEncoding = 4; lastKnownFileType = sourcecode.c.objc; name = SBJsonStreamParserAdapter.m; path = Libraries/SBJson/SBJsonStreamParserAdapter.m; sourceTree = "<group>"; };
		77899C5514C67F2300C6484B /* SBJsonStreamParserState.h */ = {isa = PBXFileReference; fileEncoding = 4; lastKnownFileType = sourcecode.c.h; name = SBJsonStreamParserState.h; path = Libraries/SBJson/SBJsonStreamParserState.h; sourceTree = "<group>"; };
		77899C5614C67F2300C6484B /* SBJsonStreamParserState.m */ = {isa = PBXFileReference; fileEncoding = 4; lastKnownFileType = sourcecode.c.objc; name = SBJsonStreamParserState.m; path = Libraries/SBJson/SBJsonStreamParserState.m; sourceTree = "<group>"; };
		77899C5714C67F2300C6484B /* SBJsonStreamWriter.h */ = {isa = PBXFileReference; fileEncoding = 4; lastKnownFileType = sourcecode.c.h; name = SBJsonStreamWriter.h; path = Libraries/SBJson/SBJsonStreamWriter.h; sourceTree = "<group>"; };
		77899C5814C67F2300C6484B /* SBJsonStreamWriter.m */ = {isa = PBXFileReference; fileEncoding = 4; lastKnownFileType = sourcecode.c.objc; name = SBJsonStreamWriter.m; path = Libraries/SBJson/SBJsonStreamWriter.m; sourceTree = "<group>"; };
		77899C5914C67F2300C6484B /* SBJsonStreamWriterAccumulator.h */ = {isa = PBXFileReference; fileEncoding = 4; lastKnownFileType = sourcecode.c.h; name = SBJsonStreamWriterAccumulator.h; path = Libraries/SBJson/SBJsonStreamWriterAccumulator.h; sourceTree = "<group>"; };
		77899C5A14C67F2300C6484B /* SBJsonStreamWriterAccumulator.m */ = {isa = PBXFileReference; fileEncoding = 4; lastKnownFileType = sourcecode.c.objc; name = SBJsonStreamWriterAccumulator.m; path = Libraries/SBJson/SBJsonStreamWriterAccumulator.m; sourceTree = "<group>"; };
		77899C5B14C67F2300C6484B /* SBJsonStreamWriterState.h */ = {isa = PBXFileReference; fileEncoding = 4; lastKnownFileType = sourcecode.c.h; name = SBJsonStreamWriterState.h; path = Libraries/SBJson/SBJsonStreamWriterState.h; sourceTree = "<group>"; };
		77899C5C14C67F2300C6484B /* SBJsonStreamWriterState.m */ = {isa = PBXFileReference; fileEncoding = 4; lastKnownFileType = sourcecode.c.objc; name = SBJsonStreamWriterState.m; path = Libraries/SBJson/SBJsonStreamWriterState.m; sourceTree = "<group>"; };
		77899C5D14C67F2300C6484B /* SBJsonTokeniser.h */ = {isa = PBXFileReference; fileEncoding = 4; lastKnownFileType = sourcecode.c.h; name = SBJsonTokeniser.h; path = Libraries/SBJson/SBJsonTokeniser.h; sourceTree = "<group>"; };
		77899C5E14C67F2300C6484B /* SBJsonTokeniser.m */ = {isa = PBXFileReference; fileEncoding = 4; lastKnownFileType = sourcecode.c.objc; name = SBJsonTokeniser.m; path = Libraries/SBJson/SBJsonTokeniser.m; sourceTree = "<group>"; };
		77899C5F14C67F2300C6484B /* SBJsonUTF8Stream.h */ = {isa = PBXFileReference; fileEncoding = 4; lastKnownFileType = sourcecode.c.h; name = SBJsonUTF8Stream.h; path = Libraries/SBJson/SBJsonUTF8Stream.h; sourceTree = "<group>"; };
		77899C6014C67F2300C6484B /* SBJsonUTF8Stream.m */ = {isa = PBXFileReference; fileEncoding = 4; lastKnownFileType = sourcecode.c.objc; name = SBJsonUTF8Stream.m; path = Libraries/SBJson/SBJsonUTF8Stream.m; sourceTree = "<group>"; };
		77899C6114C67F2300C6484B /* SBJsonWriter.h */ = {isa = PBXFileReference; fileEncoding = 4; lastKnownFileType = sourcecode.c.h; name = SBJsonWriter.h; path = Libraries/SBJson/SBJsonWriter.h; sourceTree = "<group>"; };
		77899C6214C67F2300C6484B /* SBJsonWriter.m */ = {isa = PBXFileReference; fileEncoding = 4; lastKnownFileType = sourcecode.c.objc; name = SBJsonWriter.m; path = Libraries/SBJson/SBJsonWriter.m; sourceTree = "<group>"; };
		77899C9B14C68E5100C6484B /* NSNotificationCenter+OCMAdditions.h */ = {isa = PBXFileReference; fileEncoding = 4; lastKnownFileType = sourcecode.c.h; path = "NSNotificationCenter+OCMAdditions.h"; sourceTree = "<group>"; };
		77899C9C14C68E5100C6484B /* OCMArg.h */ = {isa = PBXFileReference; fileEncoding = 4; lastKnownFileType = sourcecode.c.h; path = OCMArg.h; sourceTree = "<group>"; };
		77899C9D14C68E5100C6484B /* OCMConstraint.h */ = {isa = PBXFileReference; fileEncoding = 4; lastKnownFileType = sourcecode.c.h; path = OCMConstraint.h; sourceTree = "<group>"; };
		77899C9E14C68E5100C6484B /* OCMock.h */ = {isa = PBXFileReference; fileEncoding = 4; lastKnownFileType = sourcecode.c.h; path = OCMock.h; sourceTree = "<group>"; };
		77899C9F14C68E5100C6484B /* OCMockObject.h */ = {isa = PBXFileReference; fileEncoding = 4; lastKnownFileType = sourcecode.c.h; path = OCMockObject.h; sourceTree = "<group>"; };
		77899CA014C68E5100C6484B /* OCMockRecorder.h */ = {isa = PBXFileReference; fileEncoding = 4; lastKnownFileType = sourcecode.c.h; path = OCMockRecorder.h; sourceTree = "<group>"; };
		77899CA114C68E5100C6484B /* libOCMock.a */ = {isa = PBXFileReference; lastKnownFileType = archive.ar; name = libOCMock.a; path = Libraries/libOCMock.a; sourceTree = "<group>"; };
		77F0279A14C5BC100065EDAA /* ListItemTest.h */ = {isa = PBXFileReference; fileEncoding = 4; lastKnownFileType = sourcecode.c.h; path = ListItemTest.h; sourceTree = "<group>"; };
		77F0279B14C5BC100065EDAA /* ListItemTest.m */ = {isa = PBXFileReference; fileEncoding = 4; lastKnownFileType = sourcecode.c.objc; path = ListItemTest.m; sourceTree = "<group>"; };
		77F0279D14C665F60065EDAA /* Listing.h */ = {isa = PBXFileReference; fileEncoding = 4; lastKnownFileType = sourcecode.c.h; path = Listing.h; sourceTree = "<group>"; };
		77F0279E14C665F60065EDAA /* Listing.m */ = {isa = PBXFileReference; fileEncoding = 4; lastKnownFileType = sourcecode.c.objc; path = Listing.m; sourceTree = "<group>"; };
		77F027A014C666BA0065EDAA /* ListingTest.h */ = {isa = PBXFileReference; fileEncoding = 4; lastKnownFileType = sourcecode.c.h; path = ListingTest.h; sourceTree = "<group>"; };
		77F027A114C666BA0065EDAA /* ListingTest.m */ = {isa = PBXFileReference; fileEncoding = 4; lastKnownFileType = sourcecode.c.objc; path = ListingTest.m; sourceTree = "<group>"; };
		E58B992414AC5AE400A780F6 /* BrowseTableViewController.h */ = {isa = PBXFileReference; fileEncoding = 4; lastKnownFileType = sourcecode.c.h; path = BrowseTableViewController.h; sourceTree = "<group>"; };
		E58B992514AC5AE400A780F6 /* BrowseTableViewController.m */ = {isa = PBXFileReference; fileEncoding = 4; lastKnownFileType = sourcecode.c.objc; path = BrowseTableViewController.m; sourceTree = "<group>"; };
		E58B993014AC746600A780F6 /* Default.png */ = {isa = PBXFileReference; lastKnownFileType = image.png; name = Default.png; path = ../../Default.png; sourceTree = "<group>"; };
		E5947DC614A3A12B0066723A /* Demo.app */ = {isa = PBXFileReference; explicitFileType = wrapper.application; includeInIndex = 0; path = Demo.app; sourceTree = BUILT_PRODUCTS_DIR; };
		E5947DCA14A3A12B0066723A /* UIKit.framework */ = {isa = PBXFileReference; lastKnownFileType = wrapper.framework; name = UIKit.framework; path = System/Library/Frameworks/UIKit.framework; sourceTree = SDKROOT; };
		E5947DCC14A3A12B0066723A /* Foundation.framework */ = {isa = PBXFileReference; lastKnownFileType = wrapper.framework; name = Foundation.framework; path = System/Library/Frameworks/Foundation.framework; sourceTree = SDKROOT; };
		E5947DCE14A3A12B0066723A /* CoreGraphics.framework */ = {isa = PBXFileReference; lastKnownFileType = wrapper.framework; name = CoreGraphics.framework; path = System/Library/Frameworks/CoreGraphics.framework; sourceTree = SDKROOT; };
		E5947DD214A3A12B0066723A /* Demo-Info.plist */ = {isa = PBXFileReference; lastKnownFileType = text.plist.xml; path = "Demo-Info.plist"; sourceTree = "<group>"; };
		E5947DD414A3A12B0066723A /* en */ = {isa = PBXFileReference; lastKnownFileType = text.plist.strings; name = en; path = en.lproj/InfoPlist.strings; sourceTree = "<group>"; };
		E5947DD614A3A12B0066723A /* main.m */ = {isa = PBXFileReference; lastKnownFileType = sourcecode.c.objc; path = main.m; sourceTree = "<group>"; };
		E5947DD814A3A12B0066723A /* Demo-Prefix.pch */ = {isa = PBXFileReference; lastKnownFileType = sourcecode.c.h; path = "Demo-Prefix.pch"; sourceTree = "<group>"; };
		E5947DD914A3A12B0066723A /* AppDelegate.h */ = {isa = PBXFileReference; lastKnownFileType = sourcecode.c.h; path = AppDelegate.h; sourceTree = "<group>"; };
		E5947DDA14A3A12B0066723A /* AppDelegate.m */ = {isa = PBXFileReference; lastKnownFileType = sourcecode.c.objc; path = AppDelegate.m; sourceTree = "<group>"; };
		E5947DDD14A3A12B0066723A /* en */ = {isa = PBXFileReference; lastKnownFileType = file.storyboard; name = en; path = en.lproj/MainStoryboard.storyboard; sourceTree = "<group>"; };
		E5947DE714A3A12B0066723A /* DemoTests.octest */ = {isa = PBXFileReference; explicitFileType = wrapper.cfbundle; includeInIndex = 0; path = DemoTests.octest; sourceTree = BUILT_PRODUCTS_DIR; };
		E5947DE814A3A12B0066723A /* SenTestingKit.framework */ = {isa = PBXFileReference; lastKnownFileType = wrapper.framework; name = SenTestingKit.framework; path = Library/Frameworks/SenTestingKit.framework; sourceTree = DEVELOPER_DIR; };
		E5947DF014A3A12B0066723A /* DemoTests-Info.plist */ = {isa = PBXFileReference; lastKnownFileType = text.plist.xml; path = "DemoTests-Info.plist"; sourceTree = "<group>"; };
		E5947DF214A3A12B0066723A /* en */ = {isa = PBXFileReference; lastKnownFileType = text.plist.strings; name = en; path = en.lproj/InfoPlist.strings; sourceTree = "<group>"; };
		E5947DF414A3A12B0066723A /* DemoTests.h */ = {isa = PBXFileReference; lastKnownFileType = sourcecode.c.h; path = DemoTests.h; sourceTree = "<group>"; };
		E5947DF514A3A12B0066723A /* DemoTests.m */ = {isa = PBXFileReference; lastKnownFileType = sourcecode.c.objc; path = DemoTests.m; sourceTree = "<group>"; };
		E5947E5414A4006D0066723A /* SettingViewController.h */ = {isa = PBXFileReference; fileEncoding = 4; lastKnownFileType = sourcecode.c.h; path = SettingViewController.h; sourceTree = "<group>"; };
		E5947E5514A4006D0066723A /* SettingViewController.m */ = {isa = PBXFileReference; fileEncoding = 4; lastKnownFileType = sourcecode.c.objc; path = SettingViewController.m; sourceTree = "<group>"; };
		E59A174214ABC03300B7977D /* PostFlowViewController.h */ = {isa = PBXFileReference; fileEncoding = 4; lastKnownFileType = sourcecode.c.h; path = PostFlowViewController.h; sourceTree = "<group>"; };
		E59A174314ABC03300B7977D /* PostFlowViewController.m */ = {isa = PBXFileReference; fileEncoding = 4; lastKnownFileType = sourcecode.c.objc; path = PostFlowViewController.m; sourceTree = "<group>"; };
		E59A174A14AC482800B7977D /* PostSummaryViewController.h */ = {isa = PBXFileReference; fileEncoding = 4; lastKnownFileType = sourcecode.c.h; path = PostSummaryViewController.h; sourceTree = "<group>"; };
		E59A174B14AC482800B7977D /* PostSummaryViewController.m */ = {isa = PBXFileReference; fileEncoding = 4; lastKnownFileType = sourcecode.c.objc; path = PostSummaryViewController.m; sourceTree = "<group>"; };
		E59A174D14AC513D00B7977D /* BrowseItemViewController.h */ = {isa = PBXFileReference; fileEncoding = 4; lastKnownFileType = sourcecode.c.h; path = BrowseItemViewController.h; sourceTree = "<group>"; };
		E59A174E14AC513D00B7977D /* BrowseItemViewController.m */ = {isa = PBXFileReference; fileEncoding = 4; lastKnownFileType = sourcecode.c.objc; path = BrowseItemViewController.m; sourceTree = "<group>"; };
		E59AE14914AD09410048C7C0 /* background.png */ = {isa = PBXFileReference; lastKnownFileType = image.png; path = background.png; sourceTree = "<group>"; };
		E5A0743A14AA918600885232 /* MapKit.framework */ = {isa = PBXFileReference; lastKnownFileType = wrapper.framework; name = MapKit.framework; path = System/Library/Frameworks/MapKit.framework; sourceTree = SDKROOT; };
		E5A0744814AAA57100885232 /* ActivityViewController.h */ = {isa = PBXFileReference; fileEncoding = 4; lastKnownFileType = sourcecode.c.h; path = ActivityViewController.h; sourceTree = "<group>"; };
		E5A0744914AAA57100885232 /* ActivityViewController.m */ = {isa = PBXFileReference; fileEncoding = 4; lastKnownFileType = sourcecode.c.objc; path = ActivityViewController.m; sourceTree = "<group>"; };
		E5C0ABE614AAC9D20021873A /* ListItem.h */ = {isa = PBXFileReference; fileEncoding = 4; lastKnownFileType = sourcecode.c.h; path = ListItem.h; sourceTree = "<group>"; };
		E5C0ABE714AAC9D20021873A /* ListItem.m */ = {isa = PBXFileReference; fileEncoding = 4; lastKnownFileType = sourcecode.c.objc; path = ListItem.m; sourceTree = "<group>"; };
		E5C0ABEB14AADF130021873A /* ItemViewController.h */ = {isa = PBXFileReference; fileEncoding = 4; lastKnownFileType = sourcecode.c.h; path = ItemViewController.h; sourceTree = "<group>"; };
		E5C0ABEC14AADF130021873A /* ItemViewController.m */ = {isa = PBXFileReference; fileEncoding = 4; lastKnownFileType = sourcecode.c.objc; path = ItemViewController.m; sourceTree = "<group>"; };
		E5C98E9E14C51D3800319277 /* Zaarly_logo3-300x143.png */ = {isa = PBXFileReference; lastKnownFileType = image.png; path = "Zaarly_logo3-300x143.png"; sourceTree = "<group>"; };
		E5C98EA114C51FBC00319277 /* images.png */ = {isa = PBXFileReference; lastKnownFileType = image.png; path = images.png; sourceTree = "<group>"; };
		E5C98EA214C51FBC00319277 /* martin_luther_king-2012-hp.png */ = {isa = PBXFileReference; lastKnownFileType = image.png; path = "martin_luther_king-2012-hp.png"; sourceTree = "<group>"; };
		E5D69EDB14AD0DB900D552F6 /* MainTabBarViewController.h */ = {isa = PBXFileReference; fileEncoding = 4; lastKnownFileType = sourcecode.c.h; path = MainTabBarViewController.h; sourceTree = "<group>"; };
		E5D69EDC14AD0DB900D552F6 /* MainTabBarViewController.m */ = {isa = PBXFileReference; fileEncoding = 4; lastKnownFileType = sourcecode.c.objc; path = MainTabBarViewController.m; sourceTree = "<group>"; };
		E5D69EEA14AD1A6700D552F6 /* world1.png */ = {isa = PBXFileReference; lastKnownFileType = image.png; path = world1.png; sourceTree = "<group>"; };
		E5D69EEC14AD1AAD00D552F6 /* preferences1.png */ = {isa = PBXFileReference; lastKnownFileType = image.png; path = preferences1.png; sourceTree = "<group>"; };
		E5D69EEE14AD1AB900D552F6 /* shoppingcart1.png */ = {isa = PBXFileReference; lastKnownFileType = image.png; path = shoppingcart1.png; sourceTree = "<group>"; };
		E5D69EF014AD1ACB00D552F6 /* mailopened1.png */ = {isa = PBXFileReference; lastKnownFileType = image.png; path = mailopened1.png; sourceTree = "<group>"; };
		E5D69EF214AD54E100D552F6 /* house.png */ = {isa = PBXFileReference; lastKnownFileType = image.png; path = house.png; sourceTree = "<group>"; };
		E5D69EFC14AD7D6700D552F6 /* CoreLocation.framework */ = {isa = PBXFileReference; lastKnownFileType = wrapper.framework; name = CoreLocation.framework; path = System/Library/Frameworks/CoreLocation.framework; sourceTree = SDKROOT; };
		E5D69EFE14AD99CA00D552F6 /* PostFlowPriceViewController.h */ = {isa = PBXFileReference; fileEncoding = 4; lastKnownFileType = sourcecode.c.h; path = PostFlowPriceViewController.h; sourceTree = "<group>"; };
		E5D69EFF14AD99CA00D552F6 /* PostFlowPriceViewController.m */ = {isa = PBXFileReference; fileEncoding = 4; lastKnownFileType = sourcecode.c.objc; path = PostFlowPriceViewController.m; sourceTree = "<group>"; };
		E5D69F0114AD99F700D552F6 /* PostFlowSetDateViewController.h */ = {isa = PBXFileReference; fileEncoding = 4; lastKnownFileType = sourcecode.c.h; path = PostFlowSetDateViewController.h; sourceTree = "<group>"; };
		E5D69F0214AD99F700D552F6 /* PostFlowSetDateViewController.m */ = {isa = PBXFileReference; fileEncoding = 4; lastKnownFileType = sourcecode.c.objc; path = PostFlowSetDateViewController.m; sourceTree = "<group>"; };
		E5D7C49A14B508D600E29463 /* PostViewController.h */ = {isa = PBXFileReference; fileEncoding = 4; lastKnownFileType = sourcecode.c.h; path = PostViewController.h; sourceTree = "<group>"; };
		E5D7C49B14B508D600E29463 /* PostViewController.m */ = {isa = PBXFileReference; fileEncoding = 4; lastKnownFileType = sourcecode.c.objc; path = PostViewController.m; sourceTree = "<group>"; };
		E5D7C4AC14B53C3F00E29463 /* AppScrollView.h */ = {isa = PBXFileReference; fileEncoding = 4; lastKnownFileType = sourcecode.c.h; path = AppScrollView.h; sourceTree = "<group>"; };
		E5D7C4AD14B53C3F00E29463 /* AppScrollView.m */ = {isa = PBXFileReference; fileEncoding = 4; lastKnownFileType = sourcecode.c.objc; path = AppScrollView.m; sourceTree = "<group>"; };
		E5E6AA3614A41B6D00A0CF86 /* MapViewController.h */ = {isa = PBXFileReference; fileEncoding = 4; lastKnownFileType = sourcecode.c.h; path = MapViewController.h; sourceTree = "<group>"; };
		E5E6AA3714A41B6D00A0CF86 /* MapViewController.m */ = {isa = PBXFileReference; fileEncoding = 4; lastKnownFileType = sourcecode.c.objc; path = MapViewController.m; sourceTree = "<group>"; };
/* End PBXFileReference section */

/* Begin PBXFrameworksBuildPhase section */
		E5947DC314A3A12B0066723A /* Frameworks */ = {
			isa = PBXFrameworksBuildPhase;
			buildActionMask = 2147483647;
			files = (
				E5D69EFD14AD7D6700D552F6 /* CoreLocation.framework in Frameworks */,
				E5A0743B14AA918600885232 /* MapKit.framework in Frameworks */,
				E5947DCB14A3A12B0066723A /* UIKit.framework in Frameworks */,
				E5947DCD14A3A12B0066723A /* Foundation.framework in Frameworks */,
				E5947DCF14A3A12B0066723A /* CoreGraphics.framework in Frameworks */,
			);
			runOnlyForDeploymentPostprocessing = 0;
		};
		E5947DE314A3A12B0066723A /* Frameworks */ = {
			isa = PBXFrameworksBuildPhase;
			buildActionMask = 2147483647;
			files = (
				E5947DE914A3A12B0066723A /* SenTestingKit.framework in Frameworks */,
				E5947DEA14A3A12B0066723A /* UIKit.framework in Frameworks */,
				E5947DEB14A3A12B0066723A /* Foundation.framework in Frameworks */,
				77899CA214C68E5100C6484B /* libOCMock.a in Frameworks */,
			);
			runOnlyForDeploymentPostprocessing = 0;
		};
/* End PBXFrameworksBuildPhase section */

/* Begin PBXGroup section */
		77899C4914C67EEE00C6484B /* SBJson */ = {
			isa = PBXGroup;
			children = (
				77899C4A14C67F2300C6484B /* NSObject+SBJson.h */,
				77899C4B14C67F2300C6484B /* NSObject+SBJson.m */,
				77899C4C14C67F2300C6484B /* SBJson.h */,
				77899C4D14C67F2300C6484B /* SBJsonParser.h */,
				77899C4E14C67F2300C6484B /* SBJsonParser.m */,
				77899C4F14C67F2300C6484B /* SBJsonStreamParser.h */,
				77899C5014C67F2300C6484B /* SBJsonStreamParser.m */,
				77899C5114C67F2300C6484B /* SBJsonStreamParserAccumulator.h */,
				77899C5214C67F2300C6484B /* SBJsonStreamParserAccumulator.m */,
				77899C5314C67F2300C6484B /* SBJsonStreamParserAdapter.h */,
				77899C5414C67F2300C6484B /* SBJsonStreamParserAdapter.m */,
				77899C5514C67F2300C6484B /* SBJsonStreamParserState.h */,
				77899C5614C67F2300C6484B /* SBJsonStreamParserState.m */,
				77899C5714C67F2300C6484B /* SBJsonStreamWriter.h */,
				77899C5814C67F2300C6484B /* SBJsonStreamWriter.m */,
				77899C5914C67F2300C6484B /* SBJsonStreamWriterAccumulator.h */,
				77899C5A14C67F2300C6484B /* SBJsonStreamWriterAccumulator.m */,
				77899C5B14C67F2300C6484B /* SBJsonStreamWriterState.h */,
				77899C5C14C67F2300C6484B /* SBJsonStreamWriterState.m */,
				77899C5D14C67F2300C6484B /* SBJsonTokeniser.h */,
				77899C5E14C67F2300C6484B /* SBJsonTokeniser.m */,
				77899C5F14C67F2300C6484B /* SBJsonUTF8Stream.h */,
				77899C6014C67F2300C6484B /* SBJsonUTF8Stream.m */,
				77899C6114C67F2300C6484B /* SBJsonWriter.h */,
				77899C6214C67F2300C6484B /* SBJsonWriter.m */,
			);
			name = SBJson;
			sourceTree = "<group>";
		};
		77899C9914C68E5100C6484B /* Headers */ = {
			isa = PBXGroup;
			children = (
				77899C9A14C68E5100C6484B /* OCMock */,
			);
			name = Headers;
			path = Libraries/Headers;
			sourceTree = "<group>";
		};
		77899C9A14C68E5100C6484B /* OCMock */ = {
			isa = PBXGroup;
			children = (
				77899C9B14C68E5100C6484B /* NSNotificationCenter+OCMAdditions.h */,
				77899C9C14C68E5100C6484B /* OCMArg.h */,
				77899C9D14C68E5100C6484B /* OCMConstraint.h */,
				77899C9E14C68E5100C6484B /* OCMock.h */,
				77899C9F14C68E5100C6484B /* OCMockObject.h */,
				77899CA014C68E5100C6484B /* OCMockRecorder.h */,
			);
			path = OCMock;
			sourceTree = "<group>";
		};
		77F027A314C668760065EDAA /* Libraries */ = {
			isa = PBXGroup;
			children = (
				77899C9914C68E5100C6484B /* Headers */,
				77899CA114C68E5100C6484B /* libOCMock.a */,
				77899C4914C67EEE00C6484B /* SBJson */,
				77899C4614C67EE400C6484B /* KassApi.h */,
				77899C4714C67EE400C6484B /* KassApi.m */,
			);
			name = Libraries;
			sourceTree = "<group>";
		};
		77F027A514C668A90065EDAA /* Resources */ = {
			isa = PBXGroup;
			children = (
				77899C4414C67EAE00C6484B /* listings.json */,
			);
			name = Resources;
			sourceTree = "<group>";
		};
		E5947DBB14A3A12B0066723A = {
			isa = PBXGroup;
			children = (
				77F027A514C668A90065EDAA /* Resources */,
				77F027A314C668760065EDAA /* Libraries */,
				E5947DD014A3A12B0066723A /* Demo */,
				E5947DEE14A3A12B0066723A /* DemoTests */,
				E5947DC914A3A12B0066723A /* Frameworks */,
				E5947DC714A3A12B0066723A /* Products */,
			);
			sourceTree = "<group>";
		};
		E5947DC714A3A12B0066723A /* Products */ = {
			isa = PBXGroup;
			children = (
				E5947DC614A3A12B0066723A /* Demo.app */,
				E5947DE714A3A12B0066723A /* DemoTests.octest */,
			);
			name = Products;
			sourceTree = "<group>";
		};
		E5947DC914A3A12B0066723A /* Frameworks */ = {
			isa = PBXGroup;
			children = (
				E5D69EFC14AD7D6700D552F6 /* CoreLocation.framework */,
				E5A0743A14AA918600885232 /* MapKit.framework */,
				E5947DCA14A3A12B0066723A /* UIKit.framework */,
				E5947DCC14A3A12B0066723A /* Foundation.framework */,
				E5947DCE14A3A12B0066723A /* CoreGraphics.framework */,
				E5947DE814A3A12B0066723A /* SenTestingKit.framework */,
			);
			name = Frameworks;
			sourceTree = "<group>";
		};
		E5947DD014A3A12B0066723A /* Demo */ = {
			isa = PBXGroup;
			children = (
				E5C0ABE614AAC9D20021873A /* ListItem.h */,
				E5C0ABE714AAC9D20021873A /* ListItem.m */,
				E5947DD914A3A12B0066723A /* AppDelegate.h */,
				E5947DDA14A3A12B0066723A /* AppDelegate.m */,
				E5D7C4AC14B53C3F00E29463 /* AppScrollView.h */,
				E5D7C4AD14B53C3F00E29463 /* AppScrollView.m */,
				E5A0744814AAA57100885232 /* ActivityViewController.h */,
				E5A0744914AAA57100885232 /* ActivityViewController.m */,
				E5C0ABEB14AADF130021873A /* ItemViewController.h */,
				E5C0ABEC14AADF130021873A /* ItemViewController.m */,
				E59A174D14AC513D00B7977D /* BrowseItemViewController.h */,
				E59A174E14AC513D00B7977D /* BrowseItemViewController.m */,
				E58B992414AC5AE400A780F6 /* BrowseTableViewController.h */,
				E58B992514AC5AE400A780F6 /* BrowseTableViewController.m */,
				E5947E5414A4006D0066723A /* SettingViewController.h */,
				E5947E5514A4006D0066723A /* SettingViewController.m */,
				E5E6AA3614A41B6D00A0CF86 /* MapViewController.h */,
				E5E6AA3714A41B6D00A0CF86 /* MapViewController.m */,
				E5D7C49A14B508D600E29463 /* PostViewController.h */,
				E5D7C49B14B508D600E29463 /* PostViewController.m */,
				E59A174214ABC03300B7977D /* PostFlowViewController.h */,
				E59A174314ABC03300B7977D /* PostFlowViewController.m */,
				E5D69EFE14AD99CA00D552F6 /* PostFlowPriceViewController.h */,
				E5D69EFF14AD99CA00D552F6 /* PostFlowPriceViewController.m */,
				E5D69F0114AD99F700D552F6 /* PostFlowSetDateViewController.h */,
				E5D69F0214AD99F700D552F6 /* PostFlowSetDateViewController.m */,
				E59A174A14AC482800B7977D /* PostSummaryViewController.h */,
				E59A174B14AC482800B7977D /* PostSummaryViewController.m */,
				E5D69EDB14AD0DB900D552F6 /* MainTabBarViewController.h */,
				E5D69EDC14AD0DB900D552F6 /* MainTabBarViewController.m */,
				E5947DD114A3A12B0066723A /* Supporting Files */,
				77F0279D14C665F60065EDAA /* Listing.h */,
				77F0279E14C665F60065EDAA /* Listing.m */,
			);
			path = Demo;
			sourceTree = "<group>";
		};
		E5947DD114A3A12B0066723A /* Supporting Files */ = {
			isa = PBXGroup;
			children = (
				E59AE14814AD09410048C7C0 /* images */,
				E5947DDC14A3A12B0066723A /* MainStoryboard.storyboard */,
				E5947DD214A3A12B0066723A /* Demo-Info.plist */,
				E5947DD314A3A12B0066723A /* InfoPlist.strings */,
				E5947DD614A3A12B0066723A /* main.m */,
				E5947DD814A3A12B0066723A /* Demo-Prefix.pch */,
			);
			name = "Supporting Files";
			sourceTree = "<group>";
		};
		E5947DEE14A3A12B0066723A /* DemoTests */ = {
			isa = PBXGroup;
			children = (
				E5947DF414A3A12B0066723A /* DemoTests.h */,
				E5947DF514A3A12B0066723A /* DemoTests.m */,
				E5947DEF14A3A12B0066723A /* Supporting Files */,
				77F0279A14C5BC100065EDAA /* ListItemTest.h */,
				77F0279B14C5BC100065EDAA /* ListItemTest.m */,
				77F027A014C666BA0065EDAA /* ListingTest.h */,
				77F027A114C666BA0065EDAA /* ListingTest.m */,
			);
			path = DemoTests;
			sourceTree = "<group>";
		};
		E5947DEF14A3A12B0066723A /* Supporting Files */ = {
			isa = PBXGroup;
			children = (
				E5947DF014A3A12B0066723A /* DemoTests-Info.plist */,
				E5947DF114A3A12B0066723A /* InfoPlist.strings */,
			);
			name = "Supporting Files";
			sourceTree = "<group>";
		};
		E59AE14814AD09410048C7C0 /* images */ = {
			isa = PBXGroup;
			children = (
				E5C98EA114C51FBC00319277 /* images.png */,
				E5C98EA214C51FBC00319277 /* martin_luther_king-2012-hp.png */,
				E5C98E9E14C51D3800319277 /* Zaarly_logo3-300x143.png */,
				E5D69EF214AD54E100D552F6 /* house.png */,
				E5D69EF014AD1ACB00D552F6 /* mailopened1.png */,
				E5D69EEE14AD1AB900D552F6 /* shoppingcart1.png */,
				E5D69EEC14AD1AAD00D552F6 /* preferences1.png */,
				E5D69EEA14AD1A6700D552F6 /* world1.png */,
				E58B993014AC746600A780F6 /* Default.png */,
				E59AE14914AD09410048C7C0 /* background.png */,
			);
			path = images;
			sourceTree = "<group>";
		};
/* End PBXGroup section */

/* Begin PBXNativeTarget section */
		E5947DC514A3A12B0066723A /* Demo */ = {
			isa = PBXNativeTarget;
			buildConfigurationList = E5947DF914A3A12B0066723A /* Build configuration list for PBXNativeTarget "Demo" */;
			buildPhases = (
				E5947DC214A3A12B0066723A /* Sources */,
				E5947DC314A3A12B0066723A /* Frameworks */,
				E5947DC414A3A12B0066723A /* Resources */,
			);
			buildRules = (
			);
			dependencies = (
			);
			name = Demo;
			productName = Demo;
			productReference = E5947DC614A3A12B0066723A /* Demo.app */;
			productType = "com.apple.product-type.application";
		};
		E5947DE614A3A12B0066723A /* DemoTests */ = {
			isa = PBXNativeTarget;
			buildConfigurationList = E5947DFC14A3A12B0066723A /* Build configuration list for PBXNativeTarget "DemoTests" */;
			buildPhases = (
				E5947DE214A3A12B0066723A /* Sources */,
				E5947DE314A3A12B0066723A /* Frameworks */,
				E5947DE414A3A12B0066723A /* Resources */,
				E5947DE514A3A12B0066723A /* ShellScript */,
			);
			buildRules = (
			);
			dependencies = (
				E5947DED14A3A12B0066723A /* PBXTargetDependency */,
			);
			name = DemoTests;
			productName = DemoTests;
			productReference = E5947DE714A3A12B0066723A /* DemoTests.octest */;
			productType = "com.apple.product-type.bundle";
		};
/* End PBXNativeTarget section */

/* Begin PBXProject section */
		E5947DBD14A3A12B0066723A /* Project object */ = {
			isa = PBXProject;
			attributes = {
				LastUpgradeCheck = 0420;
			};
			buildConfigurationList = E5947DC014A3A12B0066723A /* Build configuration list for PBXProject "Demo" */;
			compatibilityVersion = "Xcode 3.2";
			developmentRegion = English;
			hasScannedForEncodings = 0;
			knownRegions = (
				en,
			);
			mainGroup = E5947DBB14A3A12B0066723A;
			productRefGroup = E5947DC714A3A12B0066723A /* Products */;
			projectDirPath = "";
			projectRoot = "";
			targets = (
				E5947DC514A3A12B0066723A /* Demo */,
				E5947DE614A3A12B0066723A /* DemoTests */,
			);
		};
/* End PBXProject section */

/* Begin PBXResourcesBuildPhase section */
		E5947DC414A3A12B0066723A /* Resources */ = {
			isa = PBXResourcesBuildPhase;
			buildActionMask = 2147483647;
			files = (
				77899CA614C6AF4D00C6484B /* listings.json in Resources */,
				E5947DD514A3A12B0066723A /* InfoPlist.strings in Resources */,
				E5947DDE14A3A12B0066723A /* MainStoryboard.storyboard in Resources */,
				E58B993214AC75EA00A780F6 /* Default.png in Resources */,
				E59AE14C14AD09410048C7C0 /* background.png in Resources */,
				E5D69EEB14AD1A6700D552F6 /* world1.png in Resources */,
				E5D69EED14AD1AAD00D552F6 /* preferences1.png in Resources */,
				E5D69EEF14AD1AB900D552F6 /* shoppingcart1.png in Resources */,
				E5D69EF114AD1ACB00D552F6 /* mailopened1.png in Resources */,
				E5D69EF314AD54E100D552F6 /* house.png in Resources */,
				E5C98E9F14C51D3800319277 /* Zaarly_logo3-300x143.png in Resources */,
				E5C98EA314C51FBC00319277 /* images.png in Resources */,
				E5C98EA414C51FBC00319277 /* martin_luther_king-2012-hp.png in Resources */,
			);
			runOnlyForDeploymentPostprocessing = 0;
		};
		E5947DE414A3A12B0066723A /* Resources */ = {
			isa = PBXResourcesBuildPhase;
			buildActionMask = 2147483647;
			files = (
				E5947DF314A3A12B0066723A /* InfoPlist.strings in Resources */,
				77899C4514C67EAE00C6484B /* listings.json in Resources */,
			);
			runOnlyForDeploymentPostprocessing = 0;
		};
/* End PBXResourcesBuildPhase section */

/* Begin PBXShellScriptBuildPhase section */
		E5947DE514A3A12B0066723A /* ShellScript */ = {
			isa = PBXShellScriptBuildPhase;
			buildActionMask = 2147483647;
			files = (
			);
			inputPaths = (
			);
			outputPaths = (
			);
			runOnlyForDeploymentPostprocessing = 0;
			shellPath = /bin/sh;
			shellScript = "# Run the unit tests in this test bundle.\n\"${SYSTEM_DEVELOPER_DIR}/Tools/RunUnitTests\"\n";
		};
/* End PBXShellScriptBuildPhase section */

/* Begin PBXSourcesBuildPhase section */
		E5947DC214A3A12B0066723A /* Sources */ = {
			isa = PBXSourcesBuildPhase;
			buildActionMask = 2147483647;
			files = (
				E5947DD714A3A12B0066723A /* main.m in Sources */,
				E5947DDB14A3A12B0066723A /* AppDelegate.m in Sources */,
				E5947E5614A4006D0066723A /* SettingViewController.m in Sources */,
				E5E6AA3814A41B6D00A0CF86 /* MapViewController.m in Sources */,
				E5A0744A14AAA57100885232 /* ActivityViewController.m in Sources */,
				E5C0ABE814AAC9D20021873A /* ListItem.m in Sources */,
				E5C0ABED14AADF130021873A /* ItemViewController.m in Sources */,
				E59A174414ABC03300B7977D /* PostFlowViewController.m in Sources */,
				E59A174C14AC482900B7977D /* PostSummaryViewController.m in Sources */,
				E59A174F14AC513D00B7977D /* BrowseItemViewController.m in Sources */,
				E58B992614AC5AE400A780F6 /* BrowseTableViewController.m in Sources */,
				E5D69EDD14AD0DB900D552F6 /* MainTabBarViewController.m in Sources */,
				E5D69F0014AD99CA00D552F6 /* PostFlowPriceViewController.m in Sources */,
				E5D69F0314AD99F700D552F6 /* PostFlowSetDateViewController.m in Sources */,
				E5D7C49C14B508D600E29463 /* PostViewController.m in Sources */,
				E5D7C4AE14B53C3F00E29463 /* AppScrollView.m in Sources */,
				77F0279F14C665F70065EDAA /* Listing.m in Sources */,
				77899C4814C67EE400C6484B /* KassApi.m in Sources */,
				77899C6314C67F2300C6484B /* NSObject+SBJson.m in Sources */,
				77899C6414C67F2300C6484B /* SBJsonParser.m in Sources */,
				77899C6514C67F2300C6484B /* SBJsonStreamParser.m in Sources */,
				77899C6614C67F2300C6484B /* SBJsonStreamParserAccumulator.m in Sources */,
				77899C6714C67F2300C6484B /* SBJsonStreamParserAdapter.m in Sources */,
				77899C6814C67F2300C6484B /* SBJsonStreamParserState.m in Sources */,
				77899C6914C67F2300C6484B /* SBJsonStreamWriter.m in Sources */,
				77899C6A14C67F2300C6484B /* SBJsonStreamWriterAccumulator.m in Sources */,
				77899C6B14C67F2300C6484B /* SBJsonStreamWriterState.m in Sources */,
				77899C6C14C67F2300C6484B /* SBJsonTokeniser.m in Sources */,
				77899C6D14C67F2300C6484B /* SBJsonUTF8Stream.m in Sources */,
				77899C6E14C67F2300C6484B /* SBJsonWriter.m in Sources */,
			);
			runOnlyForDeploymentPostprocessing = 0;
		};
		E5947DE214A3A12B0066723A /* Sources */ = {
			isa = PBXSourcesBuildPhase;
			buildActionMask = 2147483647;
			files = (
				77899CA714C6B46200C6484B /* KassApi.m in Sources */,
				E5947DF614A3A12B0066723A /* DemoTests.m in Sources */,
				77F0279C14C5BC100065EDAA /* ListItemTest.m in Sources */,
				77F027A214C666BA0065EDAA /* ListingTest.m in Sources */,
			);
			runOnlyForDeploymentPostprocessing = 0;
		};
/* End PBXSourcesBuildPhase section */

/* Begin PBXTargetDependency section */
		E5947DED14A3A12B0066723A /* PBXTargetDependency */ = {
			isa = PBXTargetDependency;
			target = E5947DC514A3A12B0066723A /* Demo */;
			targetProxy = E5947DEC14A3A12B0066723A /* PBXContainerItemProxy */;
		};
/* End PBXTargetDependency section */

/* Begin PBXVariantGroup section */
		E5947DD314A3A12B0066723A /* InfoPlist.strings */ = {
			isa = PBXVariantGroup;
			children = (
				E5947DD414A3A12B0066723A /* en */,
			);
			name = InfoPlist.strings;
			sourceTree = "<group>";
		};
		E5947DDC14A3A12B0066723A /* MainStoryboard.storyboard */ = {
			isa = PBXVariantGroup;
			children = (
				E5947DDD14A3A12B0066723A /* en */,
			);
			name = MainStoryboard.storyboard;
			sourceTree = "<group>";
		};
		E5947DF114A3A12B0066723A /* InfoPlist.strings */ = {
			isa = PBXVariantGroup;
			children = (
				E5947DF214A3A12B0066723A /* en */,
			);
			name = InfoPlist.strings;
			sourceTree = "<group>";
		};
/* End PBXVariantGroup section */

/* Begin XCBuildConfiguration section */
		E5947DF714A3A12B0066723A /* Debug */ = {
			isa = XCBuildConfiguration;
			buildSettings = {
				ALWAYS_SEARCH_USER_PATHS = NO;
				ARCHS = "$(ARCHS_STANDARD_32_BIT)";
				CLANG_ENABLE_OBJC_ARC = YES;
				"CODE_SIGN_IDENTITY[sdk=iphoneos*]" = "iPhone Developer";
				COPY_PHASE_STRIP = NO;
				GCC_C_LANGUAGE_STANDARD = gnu99;
				GCC_DYNAMIC_NO_PIC = NO;
				GCC_OPTIMIZATION_LEVEL = 0;
				GCC_PREPROCESSOR_DEFINITIONS = (
					"DEBUG=1",
					"$(inherited)",
				);
				GCC_SYMBOLS_PRIVATE_EXTERN = NO;
				GCC_VERSION = com.apple.compilers.llvm.clang.1_0;
				GCC_WARN_ABOUT_MISSING_PROTOTYPES = YES;
				GCC_WARN_ABOUT_RETURN_TYPE = YES;
				GCC_WARN_UNUSED_VARIABLE = YES;
				IPHONEOS_DEPLOYMENT_TARGET = 5.0;
				SDKROOT = iphoneos;
			};
			name = Debug;
		};
		E5947DF814A3A12B0066723A /* Release */ = {
			isa = XCBuildConfiguration;
			buildSettings = {
				ALWAYS_SEARCH_USER_PATHS = NO;
				ARCHS = "$(ARCHS_STANDARD_32_BIT)";
				CLANG_ENABLE_OBJC_ARC = YES;
				"CODE_SIGN_IDENTITY[sdk=iphoneos*]" = "iPhone Developer";
				COPY_PHASE_STRIP = YES;
				GCC_C_LANGUAGE_STANDARD = gnu99;
				GCC_VERSION = com.apple.compilers.llvm.clang.1_0;
				GCC_WARN_ABOUT_MISSING_PROTOTYPES = YES;
				GCC_WARN_ABOUT_RETURN_TYPE = YES;
				GCC_WARN_UNUSED_VARIABLE = YES;
				IPHONEOS_DEPLOYMENT_TARGET = 5.0;
				OTHER_CFLAGS = "-DNS_BLOCK_ASSERTIONS=1";
				SDKROOT = iphoneos;
				VALIDATE_PRODUCT = YES;
			};
			name = Release;
		};
		E5947DFA14A3A12B0066723A /* Debug */ = {
			isa = XCBuildConfiguration;
			buildSettings = {
				GCC_PRECOMPILE_PREFIX_HEADER = YES;
				GCC_PREFIX_HEADER = "Demo/Demo-Prefix.pch";
				INFOPLIST_FILE = "Demo/Demo-Info.plist";
				LIBRARY_SEARCH_PATHS = (
					"$(inherited)",
					"\"$(SRCROOT)/Libraries\"",
				);
				PRODUCT_NAME = "$(TARGET_NAME)";
				WRAPPER_EXTENSION = app;
			};
			name = Debug;
		};
		E5947DFB14A3A12B0066723A /* Release */ = {
			isa = XCBuildConfiguration;
			buildSettings = {
				GCC_PRECOMPILE_PREFIX_HEADER = YES;
				GCC_PREFIX_HEADER = "Demo/Demo-Prefix.pch";
				INFOPLIST_FILE = "Demo/Demo-Info.plist";
				LIBRARY_SEARCH_PATHS = (
					"$(inherited)",
					"\"$(SRCROOT)/Libraries\"",
				);
				PRODUCT_NAME = "$(TARGET_NAME)";
				WRAPPER_EXTENSION = app;
			};
			name = Release;
		};
		E5947DFD14A3A12B0066723A /* Debug */ = {
			isa = XCBuildConfiguration;
			buildSettings = {
				BUNDLE_LOADER = "$(BUILT_PRODUCTS_DIR)/Demo.app/Demo";
				FRAMEWORK_SEARCH_PATHS = (
					"$(SDKROOT)/Developer/Library/Frameworks",
					"$(DEVELOPER_LIBRARY_DIR)/Frameworks",
				);
				GCC_PRECOMPILE_PREFIX_HEADER = YES;
				GCC_PREFIX_HEADER = "Demo/Demo-Prefix.pch";
				HEADER_SEARCH_PATHS = "$(PROJECT_DIR)/Libraries/Headers";
				INFOPLIST_FILE = "DemoTests/DemoTests-Info.plist";
				LIBRARY_SEARCH_PATHS = (
					"$(inherited)",
					"\"$(SRCROOT)\"",
					"\"$(SRCROOT)/Libraries\"",
				);
				OTHER_LDFLAGS = (
					"$(PROJECT_DIR)/Libraries/libOCMock.a",
					"-ObjC",
					"-all_load",
				);
				PRODUCT_NAME = "$(TARGET_NAME)";
				TEST_HOST = "$(BUNDLE_LOADER)";
				USER_HEADER_SEARCH_PATHS = "$(PROJECT_DIR)/Libraries/Headers/**";
				WRAPPER_EXTENSION = octest;
			};
			name = Debug;
		};
		E5947DFE14A3A12B0066723A /* Release */ = {
			isa = XCBuildConfiguration;
			buildSettings = {
				BUNDLE_LOADER = "$(BUILT_PRODUCTS_DIR)/Demo.app/Demo";
				FRAMEWORK_SEARCH_PATHS = (
					"$(SDKROOT)/Developer/Library/Frameworks",
					"$(DEVELOPER_LIBRARY_DIR)/Frameworks",
				);
				GCC_PRECOMPILE_PREFIX_HEADER = YES;
				GCC_PREFIX_HEADER = "Demo/Demo-Prefix.pch";
				HEADER_SEARCH_PATHS = "$(PROJECT_DIR)/Libraries/Headers";
				INFOPLIST_FILE = "DemoTests/DemoTests-Info.plist";
				LIBRARY_SEARCH_PATHS = (
					"$(inherited)",
					"\"$(SRCROOT)\"",
					"\"$(SRCROOT)/Libraries\"",
				);
				OTHER_LDFLAGS = (
					"$(PROJECT_DIR)/Libraries/libOCMock.a",
					"-ObjC",
					"-all_load",
				);
				PRODUCT_NAME = "$(TARGET_NAME)";
				TEST_HOST = "$(BUNDLE_LOADER)";
				USER_HEADER_SEARCH_PATHS = "$(PROJECT_DIR)/Libraries/Headers/**";
				WRAPPER_EXTENSION = octest;
			};
			name = Release;
		};
/* End XCBuildConfiguration section */

/* Begin XCConfigurationList section */
		E5947DC014A3A12B0066723A /* Build configuration list for PBXProject "Demo" */ = {
			isa = XCConfigurationList;
			buildConfigurations = (
				E5947DF714A3A12B0066723A /* Debug */,
				E5947DF814A3A12B0066723A /* Release */,
			);
			defaultConfigurationIsVisible = 0;
			defaultConfigurationName = Release;
		};
		E5947DF914A3A12B0066723A /* Build configuration list for PBXNativeTarget "Demo" */ = {
			isa = XCConfigurationList;
			buildConfigurations = (
				E5947DFA14A3A12B0066723A /* Debug */,
				E5947DFB14A3A12B0066723A /* Release */,
			);
			defaultConfigurationIsVisible = 0;
			defaultConfigurationName = Release;
		};
		E5947DFC14A3A12B0066723A /* Build configuration list for PBXNativeTarget "DemoTests" */ = {
			isa = XCConfigurationList;
			buildConfigurations = (
				E5947DFD14A3A12B0066723A /* Debug */,
				E5947DFE14A3A12B0066723A /* Release */,
			);
			defaultConfigurationIsVisible = 0;
			defaultConfigurationName = Release;
		};
/* End XCConfigurationList section */
	};
	rootObject = E5947DBD14A3A12B0066723A /* Project object */;
}
